
Microsoft Visual Studio Solution File, Format Version 12.00
# Visual Studio Version 17
VisualStudioVersion = 17.4.33015.44
MinimumVisualStudioVersion = 10.0.40219.1
Project("{FAE04EC0-301F-11D3-BF4B-00C04F79EFBC}") = "Posadishod.NiteCode", "Posadishod.NiteCode\Posadishod.NiteCode.csproj", "{A7CDD6D8-AD2C-4E21-AE0B-326ED13052A1}"
EndProject
Global
	GlobalSection(SolutionConfigurationPlatforms) = preSolution
		Debug|Any CPU = Debug|Any CPU
		Release|Any CPU = Release|Any CPU
	EndGlobalSection
	GlobalSection(ProjectConfigurationPlatforms) = postSolution
		{A7CDD6D8-AD2C-4E21-AE0B-326ED13052A1}.Debug|Any CPU.ActiveCfg = Debug|Any CPU
		{A7CDD6D8-AD2C-4E21-AE0B-326ED13052A1}.Debug|Any CPU.Build.0 = Debug|Any CPU
		{A7CDD6D8-AD2C-4E21-AE0B-326ED13052A1}.Release|Any CPU.ActiveCfg = Release|Any CPU
		{A7CDD6D8-AD2C-4E21-AE0B-326ED13052A1}.Release|Any CPU.Build.0 = Release|Any CPU
	EndGlobalSection
	GlobalSection(SolutionProperties) = preSolution
		HideSolutionNode = FALSE
	EndGlobalSection
	GlobalSection(ExtensibilityGlobals) = postSolution
		SolutionGuid = {AE40F3AE-D07D-4F9C-BAD5-4965D102581F}
	EndGlobalSection
EndGlobal
